
Microsoft Visual Studio Solution File, Format Version 12.00
# Visual Studio Version 16
VisualStudioVersion = 16.0.32106.194
MinimumVisualStudioVersion = 10.0.40219.1
Project("{FAE04EC0-301F-11D3-BF4B-00C04F79EFBC}") = "Poprijenok", "Poprijenok\Poprijenok.csproj", "{F7691036-25A4-462C-80B1-BBE37F23CBF6}"
EndProject
Project("{FAE04EC0-301F-11D3-BF4B-00C04F79EFBC}") = "WSUniversalLib", "WSUniversalLib\WSUniversalLib.csproj", "{F35F9234-AD46-4070-A52D-5D36144E51EE}"
EndProject
Project("{FAE04EC0-301F-11D3-BF4B-00C04F79EFBC}") = "UnitTesting", "UnitTesting\UnitTesting.csproj", "{E26AD7DB-EE54-4EE3-A36D-3D1B06901360}"
EndProject
Global
	GlobalSection(SolutionConfigurationPlatforms) = preSolution
		Debug|Any CPU = Debug|Any CPU
		Release|Any CPU = Release|Any CPU
	EndGlobalSection
	GlobalSection(ProjectConfigurationPlatforms) = postSolution
		{F7691036-25A4-462C-80B1-BBE37F23CBF6}.Debug|Any CPU.ActiveCfg = Debug|Any CPU
		{F7691036-25A4-462C-80B1-BBE37F23CBF6}.Debug|Any CPU.Build.0 = Debug|Any CPU
		{F7691036-25A4-462C-80B1-BBE37F23CBF6}.Release|Any CPU.ActiveCfg = Release|Any CPU
		{F7691036-25A4-462C-80B1-BBE37F23CBF6}.Release|Any CPU.Build.0 = Release|Any CPU
		{F35F9234-AD46-4070-A52D-5D36144E51EE}.Debug|Any CPU.ActiveCfg = Debug|Any CPU
		{F35F9234-AD46-4070-A52D-5D36144E51EE}.Debug|Any CPU.Build.0 = Debug|Any CPU
		{F35F9234-AD46-4070-A52D-5D36144E51EE}.Release|Any CPU.ActiveCfg = Release|Any CPU
		{F35F9234-AD46-4070-A52D-5D36144E51EE}.Release|Any CPU.Build.0 = Release|Any CPU
		{E26AD7DB-EE54-4EE3-A36D-3D1B06901360}.Debug|Any CPU.ActiveCfg = Debug|Any CPU
		{E26AD7DB-EE54-4EE3-A36D-3D1B06901360}.Debug|Any CPU.Build.0 = Debug|Any CPU
		{E26AD7DB-EE54-4EE3-A36D-3D1B06901360}.Release|Any CPU.ActiveCfg = Release|Any CPU
		{E26AD7DB-EE54-4EE3-A36D-3D1B06901360}.Release|Any CPU.Build.0 = Release|Any CPU
	EndGlobalSection
	GlobalSection(SolutionProperties) = preSolution
		HideSolutionNode = FALSE
	EndGlobalSection
	GlobalSection(ExtensibilityGlobals) = postSolution
		SolutionGuid = {DA862505-F1C3-4887-BC14-DEE435392922}
	EndGlobalSection
EndGlobal
